// !$*UTF8*$!
{
	archiveVersion = 1;
	classes = {
	};
	objectVersion = 56;
	objects = {

/* Begin PBXBuildFile section */
		B9175C442A3839CE007ED1DF /* AppDelegate.swift in Sources */ = {isa = PBXBuildFile; fileRef = B9175C432A3839CE007ED1DF /* AppDelegate.swift */; };
		B9175C462A3839CE007ED1DF /* SceneDelegate.swift in Sources */ = {isa = PBXBuildFile; fileRef = B9175C452A3839CE007ED1DF /* SceneDelegate.swift */; };
		B9175C482A3839CE007ED1DF /* ViewController.swift in Sources */ = {isa = PBXBuildFile; fileRef = B9175C472A3839CE007ED1DF /* ViewController.swift */; };
		B9175C4B2A3839CE007ED1DF /* Main.storyboard in Resources */ = {isa = PBXBuildFile; fileRef = B9175C492A3839CE007ED1DF /* Main.storyboard */; };
		B9175C4E2A3839CE007ED1DF /* Swift_text.xcdatamodeld in Sources */ = {isa = PBXBuildFile; fileRef = B9175C4C2A3839CE007ED1DF /* Swift_text.xcdatamodeld */; };
		B9175C502A3839D0007ED1DF /* Assets.xcassets in Resources */ = {isa = PBXBuildFile; fileRef = B9175C4F2A3839D0007ED1DF /* Assets.xcassets */; };
		B9175C532A3839D0007ED1DF /* LaunchScreen.storyboard in Resources */ = {isa = PBXBuildFile; fileRef = B9175C512A3839D0007ED1DF /* LaunchScreen.storyboard */; };
		B9175C5E2A3839D0007ED1DF /* Swift_textTests.swift in Sources */ = {isa = PBXBuildFile; fileRef = B9175C5D2A3839D0007ED1DF /* Swift_textTests.swift */; };
		B9175C682A3839D0007ED1DF /* Swift_textUITests.swift in Sources */ = {isa = PBXBuildFile; fileRef = B9175C672A3839D0007ED1DF /* Swift_textUITests.swift */; };
		B9175C6A2A3839D0007ED1DF /* Swift_textUITestsLaunchTests.swift in Sources */ = {isa = PBXBuildFile; fileRef = B9175C692A3839D0007ED1DF /* Swift_textUITestsLaunchTests.swift */; };
		B9175C772A3839DA007ED1DF /* ViewControllerTwo.swift in Sources */ = {isa = PBXBuildFile; fileRef = B9175C762A3839DA007ED1DF /* ViewControllerTwo.swift */; };
		B9175C792A3839E2007ED1DF /* ViewControllerFive.swift in Sources */ = {isa = PBXBuildFile; fileRef = B9175C782A3839E2007ED1DF /* ViewControllerFive.swift */; };
		B9175C7B2A3839EB007ED1DF /* ViewControllerThree.swift in Sources */ = {isa = PBXBuildFile; fileRef = B9175C7A2A3839EB007ED1DF /* ViewControllerThree.swift */; };
		B9175C7D2A3839F4007ED1DF /* ViewControllerFour.swift in Sources */ = {isa = PBXBuildFile; fileRef = B9175C7C2A3839F4007ED1DF /* ViewControllerFour.swift */; };
		B99BEC012A418CAA00C4CC08 /* Greek_Temple.usdz in Resources */ = {isa = PBXBuildFile; fileRef = B99BEC002A418CAA00C4CC08 /* Greek_Temple.usdz */; };
/* End PBXBuildFile section */

/* Begin PBXContainerItemProxy section */
		B9175C5A2A3839D0007ED1DF /* PBXContainerItemProxy */ = {
			isa = PBXContainerItemProxy;
			containerPortal = B9175C382A3839CE007ED1DF /* Project object */;
			proxyType = 1;
			remoteGlobalIDString = B9175C3F2A3839CE007ED1DF;
			remoteInfo = Swift_text;
		};
		B9175C642A3839D0007ED1DF /* PBXContainerItemProxy */ = {
			isa = PBXContainerItemProxy;
			containerPortal = B9175C382A3839CE007ED1DF /* Project object */;
			proxyType = 1;
			remoteGlobalIDString = B9175C3F2A3839CE007ED1DF;
			remoteInfo = Swift_text;
		};
/* End PBXContainerItemProxy section */

/* Begin PBXFileReference section */
		B9175C402A3839CE007ED1DF /* Swift_text.app */ = {isa = PBXFileReference; explicitFileType = wrapper.application; includeInIndex = 0; path = Swift_text.app; sourceTree = BUILT_PRODUCTS_DIR; };
		B9175C432A3839CE007ED1DF /* AppDelegate.swift */ = {isa = PBXFileReference; lastKnownFileType = sourcecode.swift; path = AppDelegate.swift; sourceTree = "<group>"; };
		B9175C452A3839CE007ED1DF /* SceneDelegate.swift */ = {isa = PBXFileReference; lastKnownFileType = sourcecode.swift; path = SceneDelegate.swift; sourceTree = "<group>"; };
		B9175C472A3839CE007ED1DF /* ViewController.swift */ = {isa = PBXFileReference; lastKnownFileType = sourcecode.swift; path = ViewController.swift; sourceTree = "<group>"; };
		B9175C4A2A3839CE007ED1DF /* Base */ = {isa = PBXFileReference; lastKnownFileType = file.storyboard; name = Base; path = Base.lproj/Main.storyboard; sourceTree = "<group>"; };
		B9175C4D2A3839CE007ED1DF /* Swift_text.xcdatamodel */ = {isa = PBXFileReference; lastKnownFileType = wrapper.xcdatamodel; path = Swift_text.xcdatamodel; sourceTree = "<group>"; };
		B9175C4F2A3839D0007ED1DF /* Assets.xcassets */ = {isa = PBXFileReference; lastKnownFileType = folder.assetcatalog; path = Assets.xcassets; sourceTree = "<group>"; };
		B9175C522A3839D0007ED1DF /* Base */ = {isa = PBXFileReference; lastKnownFileType = file.storyboard; name = Base; path = Base.lproj/LaunchScreen.storyboard; sourceTree = "<group>"; };
		B9175C542A3839D0007ED1DF /* Info.plist */ = {isa = PBXFileReference; lastKnownFileType = text.plist.xml; path = Info.plist; sourceTree = "<group>"; };
		B9175C592A3839D0007ED1DF /* Swift_textTests.xctest */ = {isa = PBXFileReference; explicitFileType = wrapper.cfbundle; includeInIndex = 0; path = Swift_textTests.xctest; sourceTree = BUILT_PRODUCTS_DIR; };
		B9175C5D2A3839D0007ED1DF /* Swift_textTests.swift */ = {isa = PBXFileReference; lastKnownFileType = sourcecode.swift; path = Swift_textTests.swift; sourceTree = "<group>"; };
		B9175C632A3839D0007ED1DF /* Swift_textUITests.xctest */ = {isa = PBXFileReference; explicitFileType = wrapper.cfbundle; includeInIndex = 0; path = Swift_textUITests.xctest; sourceTree = BUILT_PRODUCTS_DIR; };
		B9175C672A3839D0007ED1DF /* Swift_textUITests.swift */ = {isa = PBXFileReference; lastKnownFileType = sourcecode.swift; path = Swift_textUITests.swift; sourceTree = "<group>"; };
		B9175C692A3839D0007ED1DF /* Swift_textUITestsLaunchTests.swift */ = {isa = PBXFileReference; lastKnownFileType = sourcecode.swift; path = Swift_textUITestsLaunchTests.swift; sourceTree = "<group>"; };
		B9175C762A3839DA007ED1DF /* ViewControllerTwo.swift */ = {isa = PBXFileReference; lastKnownFileType = sourcecode.swift; path = ViewControllerTwo.swift; sourceTree = "<group>"; };
		B9175C782A3839E2007ED1DF /* ViewControllerFive.swift */ = {isa = PBXFileReference; lastKnownFileType = sourcecode.swift; path = ViewControllerFive.swift; sourceTree = "<group>"; };
		B9175C7A2A3839EB007ED1DF /* ViewControllerThree.swift */ = {isa = PBXFileReference; lastKnownFileType = sourcecode.swift; path = ViewControllerThree.swift; sourceTree = "<group>"; };
		B9175C7C2A3839F4007ED1DF /* ViewControllerFour.swift */ = {isa = PBXFileReference; lastKnownFileType = sourcecode.swift; path = ViewControllerFour.swift; sourceTree = "<group>"; };
		B99BEC002A418CAA00C4CC08 /* Greek_Temple.usdz */ = {isa = PBXFileReference; lastKnownFileType = file.usdz; name = Greek_Temple.usdz; path = ../../../../Greek_Temple.usdz; sourceTree = "<group>"; };
/* End PBXFileReference section */

/* Begin PBXFrameworksBuildPhase section */
		B9175C3D2A3839CE007ED1DF /* Frameworks */ = {
			isa = PBXFrameworksBuildPhase;
			buildActionMask = 2147483647;
			files = (
			);
			runOnlyForDeploymentPostprocessing = 0;
		};
		B9175C562A3839D0007ED1DF /* Frameworks */ = {
			isa = PBXFrameworksBuildPhase;
			buildActionMask = 2147483647;
			files = (
			);
			runOnlyForDeploymentPostprocessing = 0;
		};
		B9175C602A3839D0007ED1DF /* Frameworks */ = {
			isa = PBXFrameworksBuildPhase;
			buildActionMask = 2147483647;
			files = (
			);
			runOnlyForDeploymentPostprocessing = 0;
		};
/* End PBXFrameworksBuildPhase section */

/* Begin PBXGroup section */
		B9175C372A3839CE007ED1DF = {
			isa = PBXGroup;
			children = (
				B9175C422A3839CE007ED1DF /* Swift_text */,
				B9175C5C2A3839D0007ED1DF /* Swift_textTests */,
				B9175C662A3839D0007ED1DF /* Swift_textUITests */,
				B9175C412A3839CE007ED1DF /* Products */,
			);
			sourceTree = "<group>";
		};
		B9175C412A3839CE007ED1DF /* Products */ = {
			isa = PBXGroup;
			children = (
				B9175C402A3839CE007ED1DF /* Swift_text.app */,
				B9175C592A3839D0007ED1DF /* Swift_textTests.xctest */,
				B9175C632A3839D0007ED1DF /* Swift_textUITests.xctest */,
			);
			name = Products;
			sourceTree = "<group>";
		};
		B9175C422A3839CE007ED1DF /* Swift_text */ = {
			isa = PBXGroup;
			children = (
				B99BEC002A418CAA00C4CC08 /* Greek_Temple.usdz */,
				B9175C432A3839CE007ED1DF /* AppDelegate.swift */,
				B9175C452A3839CE007ED1DF /* SceneDelegate.swift */,
				B9175C472A3839CE007ED1DF /* ViewController.swift */,
				B9175C762A3839DA007ED1DF /* ViewControllerTwo.swift */,
				B9175C782A3839E2007ED1DF /* ViewControllerFive.swift */,
				B9175C7A2A3839EB007ED1DF /* ViewControllerThree.swift */,
				B9175C7C2A3839F4007ED1DF /* ViewControllerFour.swift */,
				B9175C492A3839CE007ED1DF /* Main.storyboard */,
				B9175C4F2A3839D0007ED1DF /* Assets.xcassets */,
				B9175C512A3839D0007ED1DF /* LaunchScreen.storyboard */,
				B9175C542A3839D0007ED1DF /* Info.plist */,
				B9175C4C2A3839CE007ED1DF /* Swift_text.xcdatamodeld */,
			);
			path = Swift_text;
			sourceTree = "<group>";
		};
		B9175C5C2A3839D0007ED1DF /* Swift_textTests */ = {
			isa = PBXGroup;
			children = (
				B9175C5D2A3839D0007ED1DF /* Swift_textTests.swift */,
			);
			path = Swift_textTests;
			sourceTree = "<group>";
		};
		B9175C662A3839D0007ED1DF /* Swift_textUITests */ = {
			isa = PBXGroup;
			children = (
				B9175C672A3839D0007ED1DF /* Swift_textUITests.swift */,
				B9175C692A3839D0007ED1DF /* Swift_textUITestsLaunchTests.swift */,
			);
			path = Swift_textUITests;
			sourceTree = "<group>";
		};
/* End PBXGroup section */

/* Begin PBXNativeTarget section */
		B9175C3F2A3839CE007ED1DF /* Swift_text */ = {
			isa = PBXNativeTarget;
			buildConfigurationList = B9175C6D2A3839D0007ED1DF /* Build configuration list for PBXNativeTarget "Swift_text" */;
			buildPhases = (
				B9175C3C2A3839CE007ED1DF /* Sources */,
				B9175C3D2A3839CE007ED1DF /* Frameworks */,
				B9175C3E2A3839CE007ED1DF /* Resources */,
			);
			buildRules = (
			);
			dependencies = (
			);
			name = Swift_text;
			productName = Swift_text;
			productReference = B9175C402A3839CE007ED1DF /* Swift_text.app */;
			productType = "com.apple.product-type.application";
		};
		B9175C582A3839D0007ED1DF /* Swift_textTests */ = {
			isa = PBXNativeTarget;
			buildConfigurationList = B9175C702A3839D0007ED1DF /* Build configuration list for PBXNativeTarget "Swift_textTests" */;
			buildPhases = (
				B9175C552A3839D0007ED1DF /* Sources */,
				B9175C562A3839D0007ED1DF /* Frameworks */,
				B9175C572A3839D0007ED1DF /* Resources */,
			);
			buildRules = (
			);
			dependencies = (
				B9175C5B2A3839D0007ED1DF /* PBXTargetDependency */,
			);
			name = Swift_textTests;
			productName = Swift_textTests;
			productReference = B9175C592A3839D0007ED1DF /* Swift_textTests.xctest */;
			productType = "com.apple.product-type.bundle.unit-test";
		};
		B9175C622A3839D0007ED1DF /* Swift_textUITests */ = {
			isa = PBXNativeTarget;
			buildConfigurationList = B9175C732A3839D0007ED1DF /* Build configuration list for PBXNativeTarget "Swift_textUITests" */;
			buildPhases = (
				B9175C5F2A3839D0007ED1DF /* Sources */,
				B9175C602A3839D0007ED1DF /* Frameworks */,
				B9175C612A3839D0007ED1DF /* Resources */,
			);
			buildRules = (
			);
			dependencies = (
				B9175C652A3839D0007ED1DF /* PBXTargetDependency */,
			);
			name = Swift_textUITests;
			productName = Swift_textUITests;
			productReference = B9175C632A3839D0007ED1DF /* Swift_textUITests.xctest */;
			productType = "com.apple.product-type.bundle.ui-testing";
		};
/* End PBXNativeTarget section */

/* Begin PBXProject section */
		B9175C382A3839CE007ED1DF /* Project object */ = {
			isa = PBXProject;
			attributes = {
				BuildIndependentTargetsInParallel = 1;
				LastSwiftUpdateCheck = 1430;
				LastUpgradeCheck = 1430;
				TargetAttributes = {
					B9175C3F2A3839CE007ED1DF = {
						CreatedOnToolsVersion = 14.3.1;
					};
					B9175C582A3839D0007ED1DF = {
						CreatedOnToolsVersion = 14.3.1;
						TestTargetID = B9175C3F2A3839CE007ED1DF;
					};
					B9175C622A3839D0007ED1DF = {
						CreatedOnToolsVersion = 14.3.1;
						TestTargetID = B9175C3F2A3839CE007ED1DF;
					};
				};
			};
			buildConfigurationList = B9175C3B2A3839CE007ED1DF /* Build configuration list for PBXProject "Swift_text" */;
			compatibilityVersion = "Xcode 14.0";
			developmentRegion = en;
			hasScannedForEncodings = 0;
			knownRegions = (
				en,
				Base,
			);
			mainGroup = B9175C372A3839CE007ED1DF;
			productRefGroup = B9175C412A3839CE007ED1DF /* Products */;
			projectDirPath = "";
			projectRoot = "";
			targets = (
				B9175C3F2A3839CE007ED1DF /* Swift_text */,
				B9175C582A3839D0007ED1DF /* Swift_textTests */,
				B9175C622A3839D0007ED1DF /* Swift_textUITests */,
			);
		};
/* End PBXProject section */

/* Begin PBXResourcesBuildPhase section */
		B9175C3E2A3839CE007ED1DF /* Resources */ = {
			isa = PBXResourcesBuildPhase;
			buildActionMask = 2147483647;
			files = (
				B9175C532A3839D0007ED1DF /* LaunchScreen.storyboard in Resources */,
				B99BEC012A418CAA00C4CC08 /* Greek_Temple.usdz in Resources */,
				B9175C502A3839D0007ED1DF /* Assets.xcassets in Resources */,
				B9175C4B2A3839CE007ED1DF /* Main.storyboard in Resources */,
			);
			runOnlyForDeploymentPostprocessing = 0;
		};
		B9175C572A3839D0007ED1DF /* Resources */ = {
			isa = PBXResourcesBuildPhase;
			buildActionMask = 2147483647;
			files = (
			);
			runOnlyForDeploymentPostprocessing = 0;
		};
		B9175C612A3839D0007ED1DF /* Resources */ = {
			isa = PBXResourcesBuildPhase;
			buildActionMask = 2147483647;
			files = (
			);
			runOnlyForDeploymentPostprocessing = 0;
		};
/* End PBXResourcesBuildPhase section */

/* Begin PBXSourcesBuildPhase section */
		B9175C3C2A3839CE007ED1DF /* Sources */ = {
			isa = PBXSourcesBuildPhase;
			buildActionMask = 2147483647;
			files = (
				B9175C772A3839DA007ED1DF /* ViewControllerTwo.swift in Sources */,
				B9175C4E2A3839CE007ED1DF /* Swift_text.xcdatamodeld in Sources */,
				B9175C482A3839CE007ED1DF /* ViewController.swift in Sources */,
				B9175C442A3839CE007ED1DF /* AppDelegate.swift in Sources */,
				B9175C792A3839E2007ED1DF /* ViewControllerFive.swift in Sources */,
				B9175C7B2A3839EB007ED1DF /* ViewControllerThree.swift in Sources */,
				B9175C7D2A3839F4007ED1DF /* ViewControllerFour.swift in Sources */,
				B9175C462A3839CE007ED1DF /* SceneDelegate.swift in Sources */,
			);
			runOnlyForDeploymentPostprocessing = 0;
		};
		B9175C552A3839D0007ED1DF /* Sources */ = {
			isa = PBXSourcesBuildPhase;
			buildActionMask = 2147483647;
			files = (
				B9175C5E2A3839D0007ED1DF /* Swift_textTests.swift in Sources */,
			);
			runOnlyForDeploymentPostprocessing = 0;
		};
		B9175C5F2A3839D0007ED1DF /* Sources */ = {
			isa = PBXSourcesBuildPhase;
			buildActionMask = 2147483647;
			files = (
				B9175C682A3839D0007ED1DF /* Swift_textUITests.swift in Sources */,
				B9175C6A2A3839D0007ED1DF /* Swift_textUITestsLaunchTests.swift in Sources */,
			);
			runOnlyForDeploymentPostprocessing = 0;
		};
/* End PBXSourcesBuildPhase section */

/* Begin PBXTargetDependency section */
		B9175C5B2A3839D0007ED1DF /* PBXTargetDependency */ = {
			isa = PBXTargetDependency;
			target = B9175C3F2A3839CE007ED1DF /* Swift_text */;
			targetProxy = B9175C5A2A3839D0007ED1DF /* PBXContainerItemProxy */;
		};
		B9175C652A3839D0007ED1DF /* PBXTargetDependency */ = {
			isa = PBXTargetDependency;
			target = B9175C3F2A3839CE007ED1DF /* Swift_text */;
			targetProxy = B9175C642A3839D0007ED1DF /* PBXContainerItemProxy */;
		};
/* End PBXTargetDependency section */

/* Begin PBXVariantGroup section */
		B9175C492A3839CE007ED1DF /* Main.storyboard */ = {
			isa = PBXVariantGroup;
			children = (
				B9175C4A2A3839CE007ED1DF /* Base */,
			);
			name = Main.storyboard;
			sourceTree = "<group>";
		};
		B9175C512A3839D0007ED1DF /* LaunchScreen.storyboard */ = {
			isa = PBXVariantGroup;
			children = (
				B9175C522A3839D0007ED1DF /* Base */,
			);
			name = LaunchScreen.storyboard;
			sourceTree = "<group>";
		};
/* End PBXVariantGroup section */

/* Begin XCBuildConfiguration section */
		B9175C6B2A3839D0007ED1DF /* Debug */ = {
			isa = XCBuildConfiguration;
			buildSettings = {
				ALWAYS_SEARCH_USER_PATHS = NO;
				CLANG_ANALYZER_NONNULL = YES;
				CLANG_ANALYZER_NUMBER_OBJECT_CONVERSION = YES_AGGRESSIVE;
				CLANG_CXX_LANGUAGE_STANDARD = "gnu++20";
				CLANG_ENABLE_MODULES = YES;
				CLANG_ENABLE_OBJC_ARC = YES;
				CLANG_ENABLE_OBJC_WEAK = YES;
				CLANG_WARN_BLOCK_CAPTURE_AUTORELEASING = YES;
				CLANG_WARN_BOOL_CONVERSION = YES;
				CLANG_WARN_COMMA = YES;
				CLANG_WARN_CONSTANT_CONVERSION = YES;
				CLANG_WARN_DEPRECATED_OBJC_IMPLEMENTATIONS = YES;
				CLANG_WARN_DIRECT_OBJC_ISA_USAGE = YES_ERROR;
				CLANG_WARN_DOCUMENTATION_COMMENTS = YES;
				CLANG_WARN_EMPTY_BODY = YES;
				CLANG_WARN_ENUM_CONVERSION = YES;
				CLANG_WARN_INFINITE_RECURSION = YES;
				CLANG_WARN_INT_CONVERSION = YES;
				CLANG_WARN_NON_LITERAL_NULL_CONVERSION = YES;
				CLANG_WARN_OBJC_IMPLICIT_RETAIN_SELF = YES;
				CLANG_WARN_OBJC_LITERAL_CONVERSION = YES;
				CLANG_WARN_OBJC_ROOT_CLASS = YES_ERROR;
				CLANG_WARN_QUOTED_INCLUDE_IN_FRAMEWORK_HEADER = YES;
				CLANG_WARN_RANGE_LOOP_ANALYSIS = YES;
				CLANG_WARN_STRICT_PROTOTYPES = YES;
				CLANG_WARN_SUSPICIOUS_MOVE = YES;
				CLANG_WARN_UNGUARDED_AVAILABILITY = YES_AGGRESSIVE;
				CLANG_WARN_UNREACHABLE_CODE = YES;
				CLANG_WARN__DUPLICATE_METHOD_MATCH = YES;
				COPY_PHASE_STRIP = NO;
				DEBUG_INFORMATION_FORMAT = dwarf;
				ENABLE_STRICT_OBJC_MSGSEND = YES;
				ENABLE_TESTABILITY = YES;
				GCC_C_LANGUAGE_STANDARD = gnu11;
				GCC_DYNAMIC_NO_PIC = NO;
				GCC_NO_COMMON_BLOCKS = YES;
				GCC_OPTIMIZATION_LEVEL = 0;
				GCC_PREPROCESSOR_DEFINITIONS = (
					"DEBUG=1",
					"$(inherited)",
				);
				GCC_WARN_64_TO_32_BIT_CONVERSION = YES;
				GCC_WARN_ABOUT_RETURN_TYPE = YES_ERROR;
				GCC_WARN_UNDECLARED_SELECTOR = YES;
				GCC_WARN_UNINITIALIZED_AUTOS = YES_AGGRESSIVE;
				GCC_WARN_UNUSED_FUNCTION = YES;
				GCC_WARN_UNUSED_VARIABLE = YES;
				IPHONEOS_DEPLOYMENT_TARGET = 16.4;
				MTL_ENABLE_DEBUG_INFO = INCLUDE_SOURCE;
				MTL_FAST_MATH = YES;
				ONLY_ACTIVE_ARCH = YES;
				SDKROOT = iphoneos;
				SWIFT_ACTIVE_COMPILATION_CONDITIONS = DEBUG;
				SWIFT_OPTIMIZATION_LEVEL = "-Onone";
			};
			name = Debug;
		};
		B9175C6C2A3839D0007ED1DF /* Release */ = {
			isa = XCBuildConfiguration;
			buildSettings = {
				ALWAYS_SEARCH_USER_PATHS = NO;
				CLANG_ANALYZER_NONNULL = YES;
				CLANG_ANALYZER_NUMBER_OBJECT_CONVERSION = YES_AGGRESSIVE;
				CLANG_CXX_LANGUAGE_STANDARD = "gnu++20";
				CLANG_ENABLE_MODULES = YES;
				CLANG_ENABLE_OBJC_ARC = YES;
				CLANG_ENABLE_OBJC_WEAK = YES;
				CLANG_WARN_BLOCK_CAPTURE_AUTORELEASING = YES;
				CLANG_WARN_BOOL_CONVERSION = YES;
				CLANG_WARN_COMMA = YES;
				CLANG_WARN_CONSTANT_CONVERSION = YES;
				CLANG_WARN_DEPRECATED_OBJC_IMPLEMENTATIONS = YES;
				CLANG_WARN_DIRECT_OBJC_ISA_USAGE = YES_ERROR;
				CLANG_WARN_DOCUMENTATION_COMMENTS = YES;
				CLANG_WARN_EMPTY_BODY = YES;
				CLANG_WARN_ENUM_CONVERSION = YES;
				CLANG_WARN_INFINITE_RECURSION = YES;
				CLANG_WARN_INT_CONVERSION = YES;
				CLANG_WARN_NON_LITERAL_NULL_CONVERSION = YES;
				CLANG_WARN_OBJC_IMPLICIT_RETAIN_SELF = YES;
				CLANG_WARN_OBJC_LITERAL_CONVERSION = YES;
				CLANG_WARN_OBJC_ROOT_CLASS = YES_ERROR;
				CLANG_WARN_QUOTED_INCLUDE_IN_FRAMEWORK_HEADER = YES;
				CLANG_WARN_RANGE_LOOP_ANALYSIS = YES;
				CLANG_WARN_STRICT_PROTOTYPES = YES;
				CLANG_WARN_SUSPICIOUS_MOVE = YES;
				CLANG_WARN_UNGUARDED_AVAILABILITY = YES_AGGRESSIVE;
				CLANG_WARN_UNREACHABLE_CODE = YES;
				CLANG_WARN__DUPLICATE_METHOD_MATCH = YES;
				COPY_PHASE_STRIP = NO;
				DEBUG_INFORMATION_FORMAT = "dwarf-with-dsym";
				ENABLE_NS_ASSERTIONS = NO;
				ENABLE_STRICT_OBJC_MSGSEND = YES;
				GCC_C_LANGUAGE_STANDARD = gnu11;
				GCC_NO_COMMON_BLOCKS = YES;
				GCC_WARN_64_TO_32_BIT_CONVERSION = YES;
				GCC_WARN_ABOUT_RETURN_TYPE = YES_ERROR;
				GCC_WARN_UNDECLARED_SELECTOR = YES;
				GCC_WARN_UNINITIALIZED_AUTOS = YES_AGGRESSIVE;
				GCC_WARN_UNUSED_FUNCTION = YES;
				GCC_WARN_UNUSED_VARIABLE = YES;
				IPHONEOS_DEPLOYMENT_TARGET = 16.4;
				MTL_ENABLE_DEBUG_INFO = NO;
				MTL_FAST_MATH = YES;
				SDKROOT = iphoneos;
				SWIFT_COMPILATION_MODE = wholemodule;
				SWIFT_OPTIMIZATION_LEVEL = "-O";
				VALIDATE_PRODUCT = YES;
			};
			name = Release;
		};
		B9175C6E2A3839D0007ED1DF /* Debug */ = {
			isa = XCBuildConfiguration;
			buildSettings = {
				ASSETCATALOG_COMPILER_APPICON_NAME = AppIcon;
				ASSETCATALOG_COMPILER_GLOBAL_ACCENT_COLOR_NAME = AccentColor;
				CODE_SIGN_STYLE = Automatic;
				CURRENT_PROJECT_VERSION = 1;
				GENERATE_INFOPLIST_FILE = YES;
				INFOPLIST_FILE = Swift_text/Info.plist;
				INFOPLIST_KEY_UIApplicationSupportsIndirectInputEvents = YES;
				INFOPLIST_KEY_UILaunchStoryboardName = LaunchScreen;
				INFOPLIST_KEY_UIMainStoryboardFile = Main;
				INFOPLIST_KEY_UISupportedInterfaceOrientations_iPad = "UIInterfaceOrientationPortrait UIInterfaceOrientationPortraitUpsideDown UIInterfaceOrientationLandscapeLeft UIInterfaceOrientationLandscapeRight";
				INFOPLIST_KEY_UISupportedInterfaceOrientations_iPhone = "UIInterfaceOrientationPortrait UIInterfaceOrientationLandscapeLeft UIInterfaceOrientationLandscapeRight";
				LD_RUNPATH_SEARCH_PATHS = (
					"$(inherited)",
					"@executable_path/Frameworks",
				);
				MARKETING_VERSION = 1.0;
				PRODUCT_BUNDLE_IDENTIFIER = "ttrg.Swift-text";
				PRODUCT_NAME = "$(TARGET_NAME)";
				SWIFT_EMIT_LOC_STRINGS = YES;
				SWIFT_VERSION = 5.0;
				TARGETED_DEVICE_FAMILY = "1,2";
			};
			name = Debug;
		};
		B9175C6F2A3839D0007ED1DF /* Release */ = {
			isa = XCBuildConfiguration;
			buildSettings = {
				ASSETCATALOG_COMPILER_APPICON_NAME = AppIcon;
				ASSETCATALOG_COMPILER_GLOBAL_ACCENT_COLOR_NAME = AccentColor;
				CODE_SIGN_STYLE = Automatic;
				CURRENT_PROJECT_VERSION = 1;
				GENERATE_INFOPLIST_FILE = YES;
				INFOPLIST_FILE = Swift_text/Info.plist;
				INFOPLIST_KEY_UIApplicationSupportsIndirectInputEvents = YES;
				INFOPLIST_KEY_UILaunchStoryboardName = LaunchScreen;
				INFOPLIST_KEY_UIMainStoryboardFile = Main;
				INFOPLIST_KEY_UISupportedInterfaceOrientations_iPad = "UIInterfaceOrientationPortrait UIInterfaceOrientationPortraitUpsideDown UIInterfaceOrientationLandscapeLeft UIInterfaceOrientationLandscapeRight";
				INFOPLIST_KEY_UISupportedInterfaceOrientations_iPhone = "UIInterfaceOrientationPortrait UIInterfaceOrientationLandscapeLeft UIInterfaceOrientationLandscapeRight";
				LD_RUNPATH_SEARCH_PATHS = (
					"$(inherited)",
					"@executable_path/Frameworks",
				);
				MARKETING_VERSION = 1.0;
				PRODUCT_BUNDLE_IDENTIFIER = "ttrg.Swift-text";
				PRODUCT_NAME = "$(TARGET_NAME)";
				SWIFT_EMIT_LOC_STRINGS = YES;
				SWIFT_VERSION = 5.0;
				TARGETED_DEVICE_FAMILY = "1,2";
			};
			name = Release;
		};
		B9175C712A3839D0007ED1DF /* Debug */ = {
			isa = XCBuildConfiguration;
			buildSettings = {
				ALWAYS_EMBED_SWIFT_STANDARD_LIBRARIES = YES;
				BUNDLE_LOADER = "$(TEST_HOST)";
				CODE_SIGN_STYLE = Automatic;
				CURRENT_PROJECT_VERSION = 1;
				GENERATE_INFOPLIST_FILE = YES;
				IPHONEOS_DEPLOYMENT_TARGET = 16.4;
				MARKETING_VERSION = 1.0;
				PRODUCT_BUNDLE_IDENTIFIER = "ttrg.Swift-textTests";
				PRODUCT_NAME = "$(TARGET_NAME)";
				SWIFT_EMIT_LOC_STRINGS = NO;
				SWIFT_VERSION = 5.0;
				TARGETED_DEVICE_FAMILY = "1,2";
				TEST_HOST = "$(BUILT_PRODUCTS_DIR)/Swift_text.app/$(BUNDLE_EXECUTABLE_FOLDER_PATH)/Swift_text";
			};
			name = Debug;
		};
		B9175C722A3839D0007ED1DF /* Release */ = {
			isa = XCBuildConfiguration;
			buildSettings = {
				ALWAYS_EMBED_SWIFT_STANDARD_LIBRARIES = YES;
				BUNDLE_LOADER = "$(TEST_HOST)";
				CODE_SIGN_STYLE = Automatic;
				CURRENT_PROJECT_VERSION = 1;
				GENERATE_INFOPLIST_FILE = YES;
				IPHONEOS_DEPLOYMENT_TARGET = 16.4;
				MARKETING_VERSION = 1.0;
				PRODUCT_BUNDLE_IDENTIFIER = "ttrg.Swift-textTests";
				PRODUCT_NAME = "$(TARGET_NAME)";
				SWIFT_EMIT_LOC_STRINGS = NO;
				SWIFT_VERSION = 5.0;
				TARGETED_DEVICE_FAMILY = "1,2";
				TEST_HOST = "$(BUILT_PRODUCTS_DIR)/Swift_text.app/$(BUNDLE_EXECUTABLE_FOLDER_PATH)/Swift_text";
			};
			name = Release;
		};
		B9175C742A3839D0007ED1DF /* Debug */ = {
			isa = XCBuildConfiguration;
			buildSettings = {
				ALWAYS_EMBED_SWIFT_STANDARD_LIBRARIES = YES;
				CODE_SIGN_STYLE = Automatic;
				CURRENT_PROJECT_VERSION = 1;
				GENERATE_INFOPLIST_FILE = YES;
				MARKETING_VERSION = 1.0;
				PRODUCT_BUNDLE_IDENTIFIER = "ttrg.Swift-textUITests";
				PRODUCT_NAME = "$(TARGET_NAME)";
				SWIFT_EMIT_LOC_STRINGS = NO;
				SWIFT_VERSION = 5.0;
				TARGETED_DEVICE_FAMILY = "1,2";
				TEST_TARGET_NAME = Swift_text;
			};
			name = Debug;
		};
		B9175C752A3839D0007ED1DF /* Release */ = {
			isa = XCBuildConfiguration;
			buildSettings = {
				ALWAYS_EMBED_SWIFT_STANDARD_LIBRARIES = YES;
				CODE_SIGN_STYLE = Automatic;
				CURRENT_PROJECT_VERSION = 1;
				GENERATE_INFOPLIST_FILE = YES;
				MARKETING_VERSION = 1.0;
				PRODUCT_BUNDLE_IDENTIFIER = "ttrg.Swift-textUITests";
				PRODUCT_NAME = "$(TARGET_NAME)";
				SWIFT_EMIT_LOC_STRINGS = NO;
				SWIFT_VERSION = 5.0;
				TARGETED_DEVICE_FAMILY = "1,2";
				TEST_TARGET_NAME = Swift_text;
			};
			name = Release;
		};
/* End XCBuildConfiguration section */

/* Begin XCConfigurationList section */
		B9175C3B2A3839CE007ED1DF /* Build configuration list for PBXProject "Swift_text" */ = {
			isa = XCConfigurationList;
			buildConfigurations = (
				B9175C6B2A3839D0007ED1DF /* Debug */,
				B9175C6C2A3839D0007ED1DF /* Release */,
			);
			defaultConfigurationIsVisible = 0;
			defaultConfigurationName = Release;
		};
		B9175C6D2A3839D0007ED1DF /* Build configuration list for PBXNativeTarget "Swift_text" */ = {
			isa = XCConfigurationList;
			buildConfigurations = (
				B9175C6E2A3839D0007ED1DF /* Debug */,
				B9175C6F2A3839D0007ED1DF /* Release */,
			);
			defaultConfigurationIsVisible = 0;
			defaultConfigurationName = Release;
		};
		B9175C702A3839D0007ED1DF /* Build configuration list for PBXNativeTarget "Swift_textTests" */ = {
			isa = XCConfigurationList;
			buildConfigurations = (
				B9175C712A3839D0007ED1DF /* Debug */,
				B9175C722A3839D0007ED1DF /* Release */,
			);
			defaultConfigurationIsVisible = 0;
			defaultConfigurationName = Release;
		};
		B9175C732A3839D0007ED1DF /* Build configuration list for PBXNativeTarget "Swift_textUITests" */ = {
			isa = XCConfigurationList;
			buildConfigurations = (
				B9175C742A3839D0007ED1DF /* Debug */,
				B9175C752A3839D0007ED1DF /* Release */,
			);
			defaultConfigurationIsVisible = 0;
			defaultConfigurationName = Release;
		};
/* End XCConfigurationList section */

/* Begin XCVersionGroup section */
		B9175C4C2A3839CE007ED1DF /* Swift_text.xcdatamodeld */ = {
			isa = XCVersionGroup;
			children = (
				B9175C4D2A3839CE007ED1DF /* Swift_text.xcdatamodel */,
			);
			currentVersion = B9175C4D2A3839CE007ED1DF /* Swift_text.xcdatamodel */;
			path = Swift_text.xcdatamodeld;
			sourceTree = "<group>";
			versionGroupType = wrapper.xcdatamodel;
		};
/* End XCVersionGroup section */
	};
	rootObject = B9175C382A3839CE007ED1DF /* Project object */;
}
